// !$*UTF8*$!
{
	archiveVersion = 1;
	classes = {
	};
	objectVersion = 46;
	objects = {

/* Begin PBXBuildFile section */
		2A9FA21D1AB3F50A005F191A /* main.m in Sources */ = {isa = PBXBuildFile; fileRef = 2A9FA21C1AB3F50A005F191A /* main.m */; };
		2A9FA2201AB3F50A005F191A /* AppDelegate.m in Sources */ = {isa = PBXBuildFile; fileRef = 2A9FA21F1AB3F50A005F191A /* AppDelegate.m */; };
		2A9FA2231AB3F50A005F191A /* ViewController.m in Sources */ = {isa = PBXBuildFile; fileRef = 2A9FA2221AB3F50A005F191A /* ViewController.m */; };
		2A9FA2261AB3F50A005F191A /* Main.storyboard in Resources */ = {isa = PBXBuildFile; fileRef = 2A9FA2241AB3F50A005F191A /* Main.storyboard */; };
		2A9FA2281AB3F50A005F191A /* Images.xcassets in Resources */ = {isa = PBXBuildFile; fileRef = 2A9FA2271AB3F50A005F191A /* Images.xcassets */; };
		2A9FA22B1AB3F50A005F191A /* LaunchScreen.xib in Resources */ = {isa = PBXBuildFile; fileRef = 2A9FA2291AB3F50A005F191A /* LaunchScreen.xib */; };
		2A9FA2371AB3F50A005F191A /* WhereTheRecipeAtTests.m in Sources */ = {isa = PBXBuildFile; fileRef = 2A9FA2361AB3F50A005F191A /* WhereTheRecipeAtTests.m */; };
/* End PBXBuildFile section */

/* Begin PBXContainerItemProxy section */
		2A9FA2311AB3F50A005F191A /* PBXContainerItemProxy */ = {
			isa = PBXContainerItemProxy;
			containerPortal = 2A9FA20F1AB3F50A005F191A /* Project object */;
			proxyType = 1;
			remoteGlobalIDString = 2A9FA2161AB3F50A005F191A;
			remoteInfo = WhereTheRecipeAt;
		};
/* End PBXContainerItemProxy section */

/* Begin PBXFileReference section */
		2A9FA2171AB3F50A005F191A /* WhereTheRecipeAt.app */ = {isa = PBXFileReference; explicitFileType = wrapper.application; includeInIndex = 0; path = WhereTheRecipeAt.app; sourceTree = BUILT_PRODUCTS_DIR; };
		2A9FA21B1AB3F50A005F191A /* Info.plist */ = {isa = PBXFileReference; lastKnownFileType = text.plist.xml; path = Info.plist; sourceTree = "<group>"; };
		2A9FA21C1AB3F50A005F191A /* main.m */ = {isa = PBXFileReference; lastKnownFileType = sourcecode.c.objc; path = main.m; sourceTree = "<group>"; };
		2A9FA21E1AB3F50A005F191A /* AppDelegate.h */ = {isa = PBXFileReference; lastKnownFileType = sourcecode.c.h; path = AppDelegate.h; sourceTree = "<group>"; };
		2A9FA21F1AB3F50A005F191A /* AppDelegate.m */ = {isa = PBXFileReference; lastKnownFileType = sourcecode.c.objc; path = AppDelegate.m; sourceTree = "<group>"; };
		2A9FA2211AB3F50A005F191A /* ViewController.h */ = {isa = PBXFileReference; lastKnownFileType = sourcecode.c.h; path = ViewController.h; sourceTree = "<group>"; };
		2A9FA2221AB3F50A005F191A /* ViewController.m */ = {isa = PBXFileReference; lastKnownFileType = sourcecode.c.objc; path = ViewController.m; sourceTree = "<group>"; };
		2A9FA2251AB3F50A005F191A /* Base */ = {isa = PBXFileReference; lastKnownFileType = file.storyboard; name = Base; path = Base.lproj/Main.storyboard; sourceTree = "<group>"; };
		2A9FA2271AB3F50A005F191A /* Images.xcassets */ = {isa = PBXFileReference; lastKnownFileType = folder.assetcatalog; path = Images.xcassets; sourceTree = "<group>"; };
		2A9FA22A1AB3F50A005F191A /* Base */ = {isa = PBXFileReference; lastKnownFileType = file.xib; name = Base; path = Base.lproj/LaunchScreen.xib; sourceTree = "<group>"; };
		2A9FA2301AB3F50A005F191A /* WhereTheRecipeAtTests.xctest */ = {isa = PBXFileReference; explicitFileType = wrapper.cfbundle; includeInIndex = 0; path = WhereTheRecipeAtTests.xctest; sourceTree = BUILT_PRODUCTS_DIR; };
		2A9FA2351AB3F50A005F191A /* Info.plist */ = {isa = PBXFileReference; lastKnownFileType = text.plist.xml; path = Info.plist; sourceTree = "<group>"; };
		2A9FA2361AB3F50A005F191A /* WhereTheRecipeAtTests.m */ = {isa = PBXFileReference; lastKnownFileType = sourcecode.c.objc; path = WhereTheRecipeAtTests.m; sourceTree = "<group>"; };
/* End PBXFileReference section */

/* Begin PBXFrameworksBuildPhase section */
		2A9FA2141AB3F50A005F191A /* Frameworks */ = {
			isa = PBXFrameworksBuildPhase;
			buildActionMask = 2147483647;
			files = (
			);
			runOnlyForDeploymentPostprocessing = 0;
		};
		2A9FA22D1AB3F50A005F191A /* Frameworks */ = {
			isa = PBXFrameworksBuildPhase;
			buildActionMask = 2147483647;
			files = (
			);
			runOnlyForDeploymentPostprocessing = 0;
		};
/* End PBXFrameworksBuildPhase section */

/* Begin PBXGroup section */
		2A9FA20E1AB3F50A005F191A = {
			isa = PBXGroup;
			children = (
				2A9FA2191AB3F50A005F191A /* WhereTheRecipeAt */,
				2A9FA2331AB3F50A005F191A /* WhereTheRecipeAtTests */,
				2A9FA2181AB3F50A005F191A /* Products */,
			);
			sourceTree = "<group>";
		};
		2A9FA2181AB3F50A005F191A /* Products */ = {
			isa = PBXGroup;
			children = (
				2A9FA2171AB3F50A005F191A /* WhereTheRecipeAt.app */,
				2A9FA2301AB3F50A005F191A /* WhereTheRecipeAtTests.xctest */,
			);
			name = Products;
			sourceTree = "<group>";
		};
		2A9FA2191AB3F50A005F191A /* WhereTheRecipeAt */ = {
			isa = PBXGroup;
			children = (
				2A9FA21E1AB3F50A005F191A /* AppDelegate.h */,
				2A9FA21F1AB3F50A005F191A /* AppDelegate.m */,
				2A9FA2211AB3F50A005F191A /* ViewController.h */,
				2A9FA2221AB3F50A005F191A /* ViewController.m */,
				2A9FA2241AB3F50A005F191A /* Main.storyboard */,
				2A9FA2271AB3F50A005F191A /* Images.xcassets */,
				2A9FA2291AB3F50A005F191A /* LaunchScreen.xib */,
				2A9FA21A1AB3F50A005F191A /* Supporting Files */,
			);
			path = WhereTheRecipeAt;
			sourceTree = "<group>";
		};
		2A9FA21A1AB3F50A005F191A /* Supporting Files */ = {
			isa = PBXGroup;
			children = (
				2A9FA21B1AB3F50A005F191A /* Info.plist */,
				2A9FA21C1AB3F50A005F191A /* main.m */,
			);
			name = "Supporting Files";
			sourceTree = "<group>";
		};
		2A9FA2331AB3F50A005F191A /* WhereTheRecipeAtTests */ = {
			isa = PBXGroup;
			children = (
				2A9FA2361AB3F50A005F191A /* WhereTheRecipeAtTests.m */,
				2A9FA2341AB3F50A005F191A /* Supporting Files */,
			);
			path = WhereTheRecipeAtTests;
			sourceTree = "<group>";
		};
		2A9FA2341AB3F50A005F191A /* Supporting Files */ = {
			isa = PBXGroup;
			children = (
				2A9FA2351AB3F50A005F191A /* Info.plist */,
			);
			name = "Supporting Files";
			sourceTree = "<group>";
		};
/* End PBXGroup section */

/* Begin PBXNativeTarget section */
		2A9FA2161AB3F50A005F191A /* WhereTheRecipeAt */ = {
			isa = PBXNativeTarget;
			buildConfigurationList = 2A9FA23A1AB3F50A005F191A /* Build configuration list for PBXNativeTarget "WhereTheRecipeAt" */;
			buildPhases = (
				2A9FA2131AB3F50A005F191A /* Sources */,
				2A9FA2141AB3F50A005F191A /* Frameworks */,
				2A9FA2151AB3F50A005F191A /* Resources */,
			);
			buildRules = (
			);
			dependencies = (
			);
			name = WhereTheRecipeAt;
			productName = WhereTheRecipeAt;
			productReference = 2A9FA2171AB3F50A005F191A /* WhereTheRecipeAt.app */;
			productType = "com.apple.product-type.application";
		};
		2A9FA22F1AB3F50A005F191A /* WhereTheRecipeAtTests */ = {
			isa = PBXNativeTarget;
			buildConfigurationList = 2A9FA23D1AB3F50A005F191A /* Build configuration list for PBXNativeTarget "WhereTheRecipeAtTests" */;
			buildPhases = (
				2A9FA22C1AB3F50A005F191A /* Sources */,
				2A9FA22D1AB3F50A005F191A /* Frameworks */,
				2A9FA22E1AB3F50A005F191A /* Resources */,
			);
			buildRules = (
			);
			dependencies = (
				2A9FA2321AB3F50A005F191A /* PBXTargetDependency */,
			);
			name = WhereTheRecipeAtTests;
			productName = WhereTheRecipeAtTests;
			productReference = 2A9FA2301AB3F50A005F191A /* WhereTheRecipeAtTests.xctest */;
			productType = "com.apple.product-type.bundle.unit-test";
		};
/* End PBXNativeTarget section */

/* Begin PBXProject section */
		2A9FA20F1AB3F50A005F191A /* Project object */ = {
			isa = PBXProject;
			attributes = {
				LastUpgradeCheck = 0600;
				ORGANIZATIONNAME = "Bruce Li";
				TargetAttributes = {
					2A9FA2161AB3F50A005F191A = {
						CreatedOnToolsVersion = 6.0;
					};
					2A9FA22F1AB3F50A005F191A = {
						CreatedOnToolsVersion = 6.0;
						TestTargetID = 2A9FA2161AB3F50A005F191A;
					};
				};
			};
			buildConfigurationList = 2A9FA2121AB3F50A005F191A /* Build configuration list for PBXProject "WhereTheRecipeAt" */;
			compatibilityVersion = "Xcode 3.2";
			developmentRegion = English;
			hasScannedForEncodings = 0;
			knownRegions = (
				en,
				Base,
			);
			mainGroup = 2A9FA20E1AB3F50A005F191A;
			productRefGroup = 2A9FA2181AB3F50A005F191A /* Products */;
			projectDirPath = "";
			projectRoot = "";
			targets = (
				2A9FA2161AB3F50A005F191A /* WhereTheRecipeAt */,
				2A9FA22F1AB3F50A005F191A /* WhereTheRecipeAtTests */,
			);
		};
/* End PBXProject section */

/* Begin PBXResourcesBuildPhase section */
		2A9FA2151AB3F50A005F191A /* Resources */ = {
			isa = PBXResourcesBuildPhase;
			buildActionMask = 2147483647;
			files = (
				2A9FA2261AB3F50A005F191A /* Main.storyboard in Resources */,
				2A9FA22B1AB3F50A005F191A /* LaunchScreen.xib in Resources */,
				2A9FA2281AB3F50A005F191A /* Images.xcassets in Resources */,
			);
			runOnlyForDeploymentPostprocessing = 0;
		};
		2A9FA22E1AB3F50A005F191A /* Resources */ = {
			isa = PBXResourcesBuildPhase;
			buildActionMask = 2147483647;
			files = (
			);
			runOnlyForDeploymentPostprocessing = 0;
		};
/* End PBXResourcesBuildPhase section */

/* Begin PBXSourcesBuildPhase section */
		2A9FA2131AB3F50A005F191A /* Sources */ = {
			isa = PBXSourcesBuildPhase;
			buildActionMask = 2147483647;
			files = (
				2A9FA2231AB3F50A005F191A /* ViewController.m in Sources */,
				2A9FA2201AB3F50A005F191A /* AppDelegate.m in Sources */,
				2A9FA21D1AB3F50A005F191A /* main.m in Sources */,
			);
			runOnlyForDeploymentPostprocessing = 0;
		};
		2A9FA22C1AB3F50A005F191A /* Sources */ = {
			isa = PBXSourcesBuildPhase;
			buildActionMask = 2147483647;
			files = (
				2A9FA2371AB3F50A005F191A /* WhereTheRecipeAtTests.m in Sources */,
			);
			runOnlyForDeploymentPostprocessing = 0;
		};
/* End PBXSourcesBuildPhase section */

/* Begin PBXTargetDependency section */
		2A9FA2321AB3F50A005F191A /* PBXTargetDependency */ = {
			isa = PBXTargetDependency;
			target = 2A9FA2161AB3F50A005F191A /* WhereTheRecipeAt */;
			targetProxy = 2A9FA2311AB3F50A005F191A /* PBXContainerItemProxy */;
		};
/* End PBXTargetDependency section */

/* Begin PBXVariantGroup section */
		2A9FA2241AB3F50A005F191A /* Main.storyboard */ = {
			isa = PBXVariantGroup;
			children = (
				2A9FA2251AB3F50A005F191A /* Base */,
			);
			name = Main.storyboard;
			sourceTree = "<group>";
		};
		2A9FA2291AB3F50A005F191A /* LaunchScreen.xib */ = {
			isa = PBXVariantGroup;
			children = (
				2A9FA22A1AB3F50A005F191A /* Base */,
			);
			name = LaunchScreen.xib;
			sourceTree = "<group>";
		};
/* End PBXVariantGroup section */

/* Begin XCBuildConfiguration section */
		2A9FA2381AB3F50A005F191A /* Debug */ = {
			isa = XCBuildConfiguration;
			buildSettings = {
				ALWAYS_SEARCH_USER_PATHS = NO;
				CLANG_CXX_LANGUAGE_STANDARD = "gnu++0x";
				CLANG_CXX_LIBRARY = "libc++";
				CLANG_ENABLE_MODULES = YES;
				CLANG_ENABLE_OBJC_ARC = YES;
				CLANG_WARN_BOOL_CONVERSION = YES;
				CLANG_WARN_CONSTANT_CONVERSION = YES;
				CLANG_WARN_DIRECT_OBJC_ISA_USAGE = YES_ERROR;
				CLANG_WARN_EMPTY_BODY = YES;
				CLANG_WARN_ENUM_CONVERSION = YES;
				CLANG_WARN_INT_CONVERSION = YES;
				CLANG_WARN_OBJC_ROOT_CLASS = YES_ERROR;
				CLANG_WARN_UNREACHABLE_CODE = YES;
				CLANG_WARN__DUPLICATE_METHOD_MATCH = YES;
				"CODE_SIGN_IDENTITY[sdk=iphoneos*]" = "iPhone Developer";
				COPY_PHASE_STRIP = NO;
				ENABLE_STRICT_OBJC_MSGSEND = YES;
				GCC_C_LANGUAGE_STANDARD = gnu99;
				GCC_DYNAMIC_NO_PIC = NO;
				GCC_OPTIMIZATION_LEVEL = 0;
				GCC_PREPROCESSOR_DEFINITIONS = (
					"DEBUG=1",
					"$(inherited)",
				);
				GCC_SYMBOLS_PRIVATE_EXTERN = NO;
				GCC_WARN_64_TO_32_BIT_CONVERSION = YES;
				GCC_WARN_ABOUT_RETURN_TYPE = YES_ERROR;
				GCC_WARN_UNDECLARED_SELECTOR = YES;
				GCC_WARN_UNINITIALIZED_AUTOS = YES_AGGRESSIVE;
				GCC_WARN_UNUSED_FUNCTION = YES;
				GCC_WARN_UNUSED_VARIABLE = YES;
				IPHONEOS_DEPLOYMENT_TARGET = 8.0;
				MTL_ENABLE_DEBUG_INFO = YES;
				ONLY_ACTIVE_ARCH = YES;
				SDKROOT = iphoneos;
			};
			name = Debug;
		};
		2A9FA2391AB3F50A005F191A /* Release */ = {
			isa = XCBuildConfiguration;
			buildSettings = {
				ALWAYS_SEARCH_USER_PATHS = NO;
				CLANG_CXX_LANGUAGE_STANDARD = "gnu++0x";
				CLANG_CXX_LIBRARY = "libc++";
				CLANG_ENABLE_MODULES = YES;
				CLANG_ENABLE_OBJC_ARC = YES;
				CLANG_WARN_BOOL_CONVERSION = YES;
				CLANG_WARN_CONSTANT_CONVERSION = YES;
				CLANG_WARN_DIRECT_OBJC_ISA_USAGE = YES_ERROR;
				CLANG_WARN_EMPTY_BODY = YES;
				CLANG_WARN_ENUM_CONVERSION = YES;
				CLANG_WARN_INT_CONVERSION = YES;
				CLANG_WARN_OBJC_ROOT_CLASS = YES_ERROR;
				CLANG_WARN_UNREACHABLE_CODE = YES;
				CLANG_WARN__DUPLICATE_METHOD_MATCH = YES;
				"CODE_SIGN_IDENTITY[sdk=iphoneos*]" = "iPhone Developer";
				COPY_PHASE_STRIP = YES;
				ENABLE_NS_ASSERTIONS = NO;
				ENABLE_STRICT_OBJC_MSGSEND = YES;
				GCC_C_LANGUAGE_STANDARD = gnu99;
				GCC_WARN_64_TO_32_BIT_CONVERSION = YES;
				GCC_WARN_ABOUT_RETURN_TYPE = YES_ERROR;
				GCC_WARN_UNDECLARED_SELECTOR = YES;
				GCC_WARN_UNINITIALIZED_AUTOS = YES_AGGRESSIVE;
				GCC_WARN_UNUSED_FUNCTION = YES;
				GCC_WARN_UNUSED_VARIABLE = YES;
				IPHONEOS_DEPLOYMENT_TARGET = 8.0;
				MTL_ENABLE_DEBUG_INFO = NO;
				SDKROOT = iphoneos;
				VALIDATE_PRODUCT = YES;
			};
			name = Release;
		};
		2A9FA23B1AB3F50A005F191A /* Debug */ = {
			isa = XCBuildConfiguration;
			buildSettings = {
				ASSETCATALOG_COMPILER_APPICON_NAME = AppIcon;
				INFOPLIST_FILE = WhereTheRecipeAt/Info.plist;
				LD_RUNPATH_SEARCH_PATHS = "$(inherited) @executable_path/Frameworks";
				PRODUCT_NAME = "$(TARGET_NAME)";
			};
			name = Debug;
		};
		2A9FA23C1AB3F50A005F191A /* Release */ = {
			isa = XCBuildConfiguration;
			buildSettings = {
				ASSETCATALOG_COMPILER_APPICON_NAME = AppIcon;
				INFOPLIST_FILE = WhereTheRecipeAt/Info.plist;
				LD_RUNPATH_SEARCH_PATHS = "$(inherited) @executable_path/Frameworks";
				PRODUCT_NAME = "$(TARGET_NAME)";
			};
			name = Release;
		};
		2A9FA23E1AB3F50A005F191A /* Debug */ = {
			isa = XCBuildConfiguration;
			buildSettings = {
				BUNDLE_LOADER = "$(TEST_HOST)";
				FRAMEWORK_SEARCH_PATHS = (
					"$(SDKROOT)/Developer/Library/Frameworks",
					"$(inherited)",
				);
				GCC_PREPROCESSOR_DEFINITIONS = (
					"DEBUG=1",
					"$(inherited)",
				);
				INFOPLIST_FILE = WhereTheRecipeAtTests/Info.plist;
				LD_RUNPATH_SEARCH_PATHS = "$(inherited) @executable_path/Frameworks @loader_path/Frameworks";
				PRODUCT_NAME = "$(TARGET_NAME)";
				TEST_HOST = "$(BUILT_PRODUCTS_DIR)/WhereTheRecipeAt.app/WhereTheRecipeAt";
			};
			name = Debug;
		};
		2A9FA23F1AB3F50A005F191A /* Release */ = {
			isa = XCBuildConfiguration;
			buildSettings = {
				BUNDLE_LOADER = "$(TEST_HOST)";
				FRAMEWORK_SEARCH_PATHS = (
					"$(SDKROOT)/Developer/Library/Frameworks",
					"$(inherited)",
				);
				INFOPLIST_FILE = WhereTheRecipeAtTests/Info.plist;
				LD_RUNPATH_SEARCH_PATHS = "$(inherited) @executable_path/Frameworks @loader_path/Frameworks";
				PRODUCT_NAME = "$(TARGET_NAME)";
				TEST_HOST = "$(BUILT_PRODUCTS_DIR)/WhereTheRecipeAt.app/WhereTheRecipeAt";
			};
			name = Release;
		};
/* End XCBuildConfiguration section */

/* Begin XCConfigurationList section */
		2A9FA2121AB3F50A005F191A /* Build configuration list for PBXProject "WhereTheRecipeAt" */ = {
			isa = XCConfigurationList;
			buildConfigurations = (
				2A9FA2381AB3F50A005F191A /* Debug */,
				2A9FA2391AB3F50A005F191A /* Release */,
			);
			defaultConfigurationIsVisible = 0;
			defaultConfigurationName = Release;
		};
		2A9FA23A1AB3F50A005F191A /* Build configuration list for PBXNativeTarget "WhereTheRecipeAt" */ = {
			isa = XCConfigurationList;
			buildConfigurations = (
				2A9FA23B1AB3F50A005F191A /* Debug */,
				2A9FA23C1AB3F50A005F191A /* Release */,
			);
			defaultConfigurationIsVisible = 0;
		};
		2A9FA23D1AB3F50A005F191A /* Build configuration list for PBXNativeTarget "WhereTheRecipeAtTests" */ = {
			isa = XCConfigurationList;
			buildConfigurations = (
				2A9FA23E1AB3F50A005F191A /* Debug */,
				2A9FA23F1AB3F50A005F191A /* Release */,
			);
			defaultConfigurationIsVisible = 0;
		};
/* End XCConfigurationList section */
	};
	rootObject = 2A9FA20F1AB3F50A005F191A /* Project object */;
}
